// !$*UTF8*$!
{
	archiveVersion = 1;
	classes = {
	};
	objectVersion = 51;
	objects = {

/* Begin PBXBuildFile section */
		73281EA1612C5D52BAC3D36D /* Pods_taboo.framework in Frameworks */ = {isa = PBXBuildFile; fileRef = 74F5EBB087D5EBCB122EC2F0 /* Pods_taboo.framework */; };
		8801D3F1261DC00E00F0C670 /* TableViewButtonCell.swift in Sources */ = {isa = PBXBuildFile; fileRef = 8801D3F0261DC00E00F0C670 /* TableViewButtonCell.swift */; };
		8801D3F4261DC03B00F0C670 /* TableViewCellType.swift in Sources */ = {isa = PBXBuildFile; fileRef = 8801D3F3261DC03B00F0C670 /* TableViewCellType.swift */; };
		882261F726085F8C001A6EBE /* AppDelegate.swift in Sources */ = {isa = PBXBuildFile; fileRef = 882261F626085F8C001A6EBE /* AppDelegate.swift */; };
		8822620026085F8F001A6EBE /* Assets.xcassets in Resources */ = {isa = PBXBuildFile; fileRef = 882261FF26085F8F001A6EBE /* Assets.xcassets */; };
		8822620326085F8F001A6EBE /* LaunchScreen.storyboard in Resources */ = {isa = PBXBuildFile; fileRef = 8822620126085F8F001A6EBE /* LaunchScreen.storyboard */; };
		8822621026086929001A6EBE /* CharacterSet+Additional.swift in Sources */ = {isa = PBXBuildFile; fileRef = 8822620F26086929001A6EBE /* CharacterSet+Additional.swift */; };
		882262132608699C001A6EBE /* StringExtension.swift in Sources */ = {isa = PBXBuildFile; fileRef = 882262122608699C001A6EBE /* StringExtension.swift */; };
		8822621626086A1C001A6EBE /* ConvertExtensions.swift in Sources */ = {isa = PBXBuildFile; fileRef = 8822621526086A1C001A6EBE /* ConvertExtensions.swift */; };
		882262392608713D001A6EBE /* Localizable.strings in Resources */ = {isa = PBXBuildFile; fileRef = 8822623B2608713D001A6EBE /* Localizable.strings */; };
		882262572608A385001A6EBE /* SessionTracker.swift in Sources */ = {isa = PBXBuildFile; fileRef = 882262562608A385001A6EBE /* SessionTracker.swift */; };
		8822625F2608A4AF001A6EBE /* AppConstants.swift in Sources */ = {isa = PBXBuildFile; fileRef = 8822625E2608A4AF001A6EBE /* AppConstants.swift */; };
		882262642608A80B001A6EBE /* ResultHandlingView.swift in Sources */ = {isa = PBXBuildFile; fileRef = 882262632608A80B001A6EBE /* ResultHandlingView.swift */; };
		882262682608A83C001A6EBE /* IndicatableView.swift in Sources */ = {isa = PBXBuildFile; fileRef = 882262672608A83C001A6EBE /* IndicatableView.swift */; };
		8822626C2608A8E3001A6EBE /* ResultHandlingView+UIViewController.swift in Sources */ = {isa = PBXBuildFile; fileRef = 8822626B2608A8E3001A6EBE /* ResultHandlingView+UIViewController.swift */; };
		882262702608A9A8001A6EBE /* EmptyHandlingView.swift in Sources */ = {isa = PBXBuildFile; fileRef = 8822626F2608A9A8001A6EBE /* EmptyHandlingView.swift */; };
		882262752608AA79001A6EBE /* RootComponent.swift in Sources */ = {isa = PBXBuildFile; fileRef = 882262742608AA79001A6EBE /* RootComponent.swift */; };
		8822627A2608ABF3001A6EBE /* AuthenticationStore.swift in Sources */ = {isa = PBXBuildFile; fileRef = 882262792608ABF3001A6EBE /* AuthenticationStore.swift */; };
		8822627F2608AD6D001A6EBE /* StorageProtocol.swift in Sources */ = {isa = PBXBuildFile; fileRef = 8822627E2608AD6D001A6EBE /* StorageProtocol.swift */; };
		882262822608AE34001A6EBE /* UserDefaultsStorage.swift in Sources */ = {isa = PBXBuildFile; fileRef = 882262812608AE34001A6EBE /* UserDefaultsStorage.swift */; };
		882262852608AF5A001A6EBE /* KeyChainStorage.swift in Sources */ = {isa = PBXBuildFile; fileRef = 882262842608AF5A001A6EBE /* KeyChainStorage.swift */; };
		8822628A2608B0DD001A6EBE /* BaseProvider.swift in Sources */ = {isa = PBXBuildFile; fileRef = 882262892608B0DD001A6EBE /* BaseProvider.swift */; };
		8822628E2608B18D001A6EBE /* AnyTarget.swift in Sources */ = {isa = PBXBuildFile; fileRef = 8822628D2608B18D001A6EBE /* AnyTarget.swift */; };
		882262912608B2E7001A6EBE /* Result.swift in Sources */ = {isa = PBXBuildFile; fileRef = 882262902608B2E7001A6EBE /* Result.swift */; };
		882262942608B3A5001A6EBE /* NetworkError.swift in Sources */ = {isa = PBXBuildFile; fileRef = 882262932608B3A5001A6EBE /* NetworkError.swift */; };
		882262972608B460001A6EBE /* JSONStandard.swift in Sources */ = {isa = PBXBuildFile; fileRef = 882262962608B460001A6EBE /* JSONStandard.swift */; };
		8822629A2608B485001A6EBE /* WebServiceType.swift in Sources */ = {isa = PBXBuildFile; fileRef = 882262992608B485001A6EBE /* WebServiceType.swift */; };
		882262A32608B699001A6EBE /* OnboardingContract.swift in Sources */ = {isa = PBXBuildFile; fileRef = 8822629D2608B699001A6EBE /* OnboardingContract.swift */; };
		882262A42608B699001A6EBE /* OnboardingPresenter.swift in Sources */ = {isa = PBXBuildFile; fileRef = 8822629E2608B699001A6EBE /* OnboardingPresenter.swift */; };
		882262A52608B699001A6EBE /* OnboardingRouter.swift in Sources */ = {isa = PBXBuildFile; fileRef = 8822629F2608B699001A6EBE /* OnboardingRouter.swift */; };
		882262A62608B699001A6EBE /* OnboardingViewController.swift in Sources */ = {isa = PBXBuildFile; fileRef = 882262A02608B699001A6EBE /* OnboardingViewController.swift */; };
		882262A72608B699001A6EBE /* OnboardingComponent.swift in Sources */ = {isa = PBXBuildFile; fileRef = 882262A12608B699001A6EBE /* OnboardingComponent.swift */; };
		882262A82608B699001A6EBE /* OnboardingInteractor.swift in Sources */ = {isa = PBXBuildFile; fileRef = 882262A22608B699001A6EBE /* OnboardingInteractor.swift */; };
		882262AD2608B7E0001A6EBE /* InteractorOutputProtocol.swift in Sources */ = {isa = PBXBuildFile; fileRef = 882262AC2608B7DF001A6EBE /* InteractorOutputProtocol.swift */; };
		882262B82608B98E001A6EBE /* SDPageControlDotView.swift in Sources */ = {isa = PBXBuildFile; fileRef = 882262B72608B98E001A6EBE /* SDPageControlDotView.swift */; };
		882262BC2608B9B2001A6EBE /* SDPageControlView.swift in Sources */ = {isa = PBXBuildFile; fileRef = 882262BB2608B9B2001A6EBE /* SDPageControlView.swift */; };
		882262C12608BC60001A6EBE /* BaseViewController.swift in Sources */ = {isa = PBXBuildFile; fileRef = 882262C02608BC60001A6EBE /* BaseViewController.swift */; };
		882262C62608BCD8001A6EBE /* CustomNavigationBar.swift in Sources */ = {isa = PBXBuildFile; fileRef = 882262C52608BCD8001A6EBE /* CustomNavigationBar.swift */; };
		882262CB2608BD40001A6EBE /* MainButton.swift in Sources */ = {isa = PBXBuildFile; fileRef = 882262CA2608BD40001A6EBE /* MainButton.swift */; };
		882262D02608BED7001A6EBE /* OnboardingPageViewController.swift in Sources */ = {isa = PBXBuildFile; fileRef = 882262CF2608BED7001A6EBE /* OnboardingPageViewController.swift */; };
		882262D82608BF33001A6EBE /* OnboardingInfoModel.swift in Sources */ = {isa = PBXBuildFile; fileRef = 882262D72608BF33001A6EBE /* OnboardingInfoModel.swift */; };
		882262DC2608C17F001A6EBE /* SessionTrackerImpl.swift in Sources */ = {isa = PBXBuildFile; fileRef = 882262DB2608C17F001A6EBE /* SessionTrackerImpl.swift */; };
		882263122609C14A001A6EBE /* SFProDisplay-Bold.ttf in Resources */ = {isa = PBXBuildFile; fileRef = 8822622326086DAA001A6EBE /* SFProDisplay-Bold.ttf */; };
		882263132609C14A001A6EBE /* SFProDisplay-Medium.ttf in Resources */ = {isa = PBXBuildFile; fileRef = 8822622426086DAA001A6EBE /* SFProDisplay-Medium.ttf */; };
		882263142609C14A001A6EBE /* SFProDisplay-Regular.ttf in Resources */ = {isa = PBXBuildFile; fileRef = 8822622226086DAA001A6EBE /* SFProDisplay-Regular.ttf */; };
		8822633B260A050F001A6EBE /* LoginContract.swift in Sources */ = {isa = PBXBuildFile; fileRef = 88226335260A050F001A6EBE /* LoginContract.swift */; };
		8822633C260A050F001A6EBE /* LoginPresenter.swift in Sources */ = {isa = PBXBuildFile; fileRef = 88226336260A050F001A6EBE /* LoginPresenter.swift */; };
		8822633D260A050F001A6EBE /* LoginRouter.swift in Sources */ = {isa = PBXBuildFile; fileRef = 88226337260A050F001A6EBE /* LoginRouter.swift */; };
		8822633E260A050F001A6EBE /* LoginViewController.swift in Sources */ = {isa = PBXBuildFile; fileRef = 88226338260A050F001A6EBE /* LoginViewController.swift */; };
		8822633F260A050F001A6EBE /* LoginComponent.swift in Sources */ = {isa = PBXBuildFile; fileRef = 88226339260A050F001A6EBE /* LoginComponent.swift */; };
		88226340260A050F001A6EBE /* LoginInteractor.swift in Sources */ = {isa = PBXBuildFile; fileRef = 8822633A260A050F001A6EBE /* LoginInteractor.swift */; };
		8822634C260A0A0C001A6EBE /* UserTarget.swift in Sources */ = {isa = PBXBuildFile; fileRef = 8822634B260A0A0C001A6EBE /* UserTarget.swift */; };
		88226354260A0C5D001A6EBE /* User.swift in Sources */ = {isa = PBXBuildFile; fileRef = 88226353260A0C5D001A6EBE /* User.swift */; };
		88226358260B153A001A6EBE /* MainTextFieldStyle.swift in Sources */ = {isa = PBXBuildFile; fileRef = 88226357260B153A001A6EBE /* MainTextFieldStyle.swift */; };
		8822635B260B156C001A6EBE /* MainTextField.swift in Sources */ = {isa = PBXBuildFile; fileRef = 8822635A260B156C001A6EBE /* MainTextField.swift */; };
		8822635F260B15B1001A6EBE /* HideableTextField.swift in Sources */ = {isa = PBXBuildFile; fileRef = 8822635E260B15B1001A6EBE /* HideableTextField.swift */; };
		8822636F260B1E8F001A6EBE /* UIView+Identifier.swift in Sources */ = {isa = PBXBuildFile; fileRef = 8822636E260B1E8F001A6EBE /* UIView+Identifier.swift */; };
		88226373260B1EB1001A6EBE /* UIView+AddSubviews.swift in Sources */ = {isa = PBXBuildFile; fileRef = 88226372260B1EB1001A6EBE /* UIView+AddSubviews.swift */; };
		88226388260B2170001A6EBE /* SignUpContract.swift in Sources */ = {isa = PBXBuildFile; fileRef = 88226382260B2170001A6EBE /* SignUpContract.swift */; };
		88226389260B2170001A6EBE /* SignUpPresenter.swift in Sources */ = {isa = PBXBuildFile; fileRef = 88226383260B2170001A6EBE /* SignUpPresenter.swift */; };
		8822638A260B2170001A6EBE /* SignUpRouter.swift in Sources */ = {isa = PBXBuildFile; fileRef = 88226384260B2170001A6EBE /* SignUpRouter.swift */; };
		8822638B260B2170001A6EBE /* SignUpViewController.swift in Sources */ = {isa = PBXBuildFile; fileRef = 88226385260B2170001A6EBE /* SignUpViewController.swift */; };
		8822638C260B2170001A6EBE /* SignUpComponent.swift in Sources */ = {isa = PBXBuildFile; fileRef = 88226386260B2170001A6EBE /* SignUpComponent.swift */; };
		8822638D260B2170001A6EBE /* SignUpInteractor.swift in Sources */ = {isa = PBXBuildFile; fileRef = 88226387260B2170001A6EBE /* SignUpInteractor.swift */; };
		88226397260B224C001A6EBE /* IndicatableView+UIView.swift in Sources */ = {isa = PBXBuildFile; fileRef = 88226396260B224C001A6EBE /* IndicatableView+UIView.swift */; };
		8822639A260B2276001A6EBE /* IndicatableView+UITableView.swift in Sources */ = {isa = PBXBuildFile; fileRef = 88226399260B2276001A6EBE /* IndicatableView+UITableView.swift */; };
		8822639D260B229C001A6EBE /* IndicatableView+UIViewController.swift in Sources */ = {isa = PBXBuildFile; fileRef = 8822639C260B229C001A6EBE /* IndicatableView+UIViewController.swift */; };
		882263A0260B22B8001A6EBE /* IndicatableView+UIButton.swift in Sources */ = {isa = PBXBuildFile; fileRef = 8822639F260B22B8001A6EBE /* IndicatableView+UIButton.swift */; };
		882263A4260B22EB001A6EBE /* ActivityView.swift in Sources */ = {isa = PBXBuildFile; fileRef = 882263A3260B22EB001A6EBE /* ActivityView.swift */; };
		882263A8260B231E001A6EBE /* SpinnerIndicator.swift in Sources */ = {isa = PBXBuildFile; fileRef = 882263A7260B231E001A6EBE /* SpinnerIndicator.swift */; };
		882263AB260B2337001A6EBE /* SpinnerView.swift in Sources */ = {isa = PBXBuildFile; fileRef = 882263AA260B2337001A6EBE /* SpinnerView.swift */; };
		882263AE260B234D001A6EBE /* TableViewIndicatorView.swift in Sources */ = {isa = PBXBuildFile; fileRef = 882263AD260B234D001A6EBE /* TableViewIndicatorView.swift */; };
		88226431260C84A5001A6EBE /* ParameterKeys.swift in Sources */ = {isa = PBXBuildFile; fileRef = 88226430260C84A5001A6EBE /* ParameterKeys.swift */; };
		88226434260C84E5001A6EBE /* OnboardingInfoViewController.swift in Sources */ = {isa = PBXBuildFile; fileRef = 88226433260C84E5001A6EBE /* OnboardingInfoViewController.swift */; };
		8839EC6D26299A68000710D2 /* GenrePickerContract.swift in Sources */ = {isa = PBXBuildFile; fileRef = 8839EC6726299A68000710D2 /* GenrePickerContract.swift */; };
		8839EC6E26299A68000710D2 /* GenrePickerPresenter.swift in Sources */ = {isa = PBXBuildFile; fileRef = 8839EC6826299A68000710D2 /* GenrePickerPresenter.swift */; };
		8839EC6F26299A68000710D2 /* GenrePickerRouter.swift in Sources */ = {isa = PBXBuildFile; fileRef = 8839EC6926299A68000710D2 /* GenrePickerRouter.swift */; };
		8839EC7026299A68000710D2 /* GenrePickerViewController.swift in Sources */ = {isa = PBXBuildFile; fileRef = 8839EC6A26299A68000710D2 /* GenrePickerViewController.swift */; };
		8839EC7126299A68000710D2 /* GenrePickerComponent.swift in Sources */ = {isa = PBXBuildFile; fileRef = 8839EC6B26299A68000710D2 /* GenrePickerComponent.swift */; };
		8839EC7226299A68000710D2 /* GenrePickerInteractor.swift in Sources */ = {isa = PBXBuildFile; fileRef = 8839EC6C26299A68000710D2 /* GenrePickerInteractor.swift */; };
		8839ECC9262AA7FB000710D2 /* Magnetic.storyboard in Resources */ = {isa = PBXBuildFile; fileRef = 8839ECC8262AA7FB000710D2 /* Magnetic.storyboard */; };
		8839ECD3262ADD76000710D2 /* Magnetic.swift in Sources */ = {isa = PBXBuildFile; fileRef = 8839ECCC262ADD75000710D2 /* Magnetic.swift */; };
		8839ECD4262ADD76000710D2 /* Node.swift in Sources */ = {isa = PBXBuildFile; fileRef = 8839ECCD262ADD76000710D2 /* Node.swift */; };
		8839ECD5262ADD76000710D2 /* SKAction+Color.swift in Sources */ = {isa = PBXBuildFile; fileRef = 8839ECCE262ADD76000710D2 /* SKAction+Color.swift */; };
		8839ECD6262ADD76000710D2 /* MagneticView.swift in Sources */ = {isa = PBXBuildFile; fileRef = 8839ECCF262ADD76000710D2 /* MagneticView.swift */; };
		8839ECD7262ADD76000710D2 /* Extensions.swift in Sources */ = {isa = PBXBuildFile; fileRef = 8839ECD0262ADD76000710D2 /* Extensions.swift */; };
		8839ECD8262ADD76000710D2 /* SKMultilineLabelNode.swift in Sources */ = {isa = PBXBuildFile; fileRef = 8839ECD1262ADD76000710D2 /* SKMultilineLabelNode.swift */; };
		88976D782616DB7C00F6FD0F /* NeedleGenerated.swift in Sources */ = {isa = PBXBuildFile; fileRef = 88976D772616DB7C00F6FD0F /* NeedleGenerated.swift */; };
		88976D862616E9B500F6FD0F /* XCAssets+Generated.swift in Sources */ = {isa = PBXBuildFile; fileRef = 88976D852616E9B500F6FD0F /* XCAssets+Generated.swift */; };
		88976D892616E9C900F6FD0F /* Colors+Generated.swift in Sources */ = {isa = PBXBuildFile; fileRef = 88976D882616E9C900F6FD0F /* Colors+Generated.swift */; };
		88976D8C2616E9D900F6FD0F /* Fonts+Generated.swift in Sources */ = {isa = PBXBuildFile; fileRef = 88976D8B2616E9D900F6FD0F /* Fonts+Generated.swift */; };
		88976D932616EC7B00F6FD0F /* Strings+Generated.swift in Sources */ = {isa = PBXBuildFile; fileRef = 88976D922616EC7B00F6FD0F /* Strings+Generated.swift */; };
		88A0D05C2627FB9B007DFFFC /* UIViewController+TopVC.swift in Sources */ = {isa = PBXBuildFile; fileRef = 88A0D05B2627FB9B007DFFFC /* UIViewController+TopVC.swift */; };
		88A0D0672627FBD5007DFFFC /* UIViewController+Alert.swift in Sources */ = {isa = PBXBuildFile; fileRef = 88A0D0662627FBD5007DFFFC /* UIViewController+Alert.swift */; };
		88A0D06B2627FC06007DFFFC /* UICollectionViewExtension.swift in Sources */ = {isa = PBXBuildFile; fileRef = 88A0D06A2627FC06007DFFFC /* UICollectionViewExtension.swift */; };
		88A0D0702627FC4C007DFFFC /* UITableViewExtension.swift in Sources */ = {isa = PBXBuildFile; fileRef = 88A0D06F2627FC4C007DFFFC /* UITableViewExtension.swift */; };
		88A0D0752627FC80007DFFFC /* UIImageView+Kingfisher.swift in Sources */ = {isa = PBXBuildFile; fileRef = 88A0D0742627FC80007DFFFC /* UIImageView+Kingfisher.swift */; };
		88A0D07C2627FD6A007DFFFC /* ResultView.swift in Sources */ = {isa = PBXBuildFile; fileRef = 88A0D07B2627FD6A007DFFFC /* ResultView.swift */; };
		88A0D07F2627FD8F007DFFFC /* ResultViewController.swift in Sources */ = {isa = PBXBuildFile; fileRef = 88A0D07E2627FD8F007DFFFC /* ResultViewController.swift */; };
		88A0D0832627FE55007DFFFC /* PhoneNumberInputView.swift in Sources */ = {isa = PBXBuildFile; fileRef = 88A0D0822627FE55007DFFFC /* PhoneNumberInputView.swift */; };
		88A0D0B726281A2C007DFFFC /* TableViewInfoCell.swift in Sources */ = {isa = PBXBuildFile; fileRef = 88A0D0B626281A2C007DFFFC /* TableViewInfoCell.swift */; };
		88A0D0BB26281A5D007DFFFC /* TableViewTextFieldCell.swift in Sources */ = {isa = PBXBuildFile; fileRef = 88A0D0BA26281A5D007DFFFC /* TableViewTextFieldCell.swift */; };
		88A0D0BF26281A93007DFFFC /* TableViewLabelCell.swift in Sources */ = {isa = PBXBuildFile; fileRef = 88A0D0BE26281A93007DFFFC /* TableViewLabelCell.swift */; };
		88A0D0C526281D7E007DFFFC /* SignUpContainer.swift in Sources */ = {isa = PBXBuildFile; fileRef = 88A0D0C426281D7E007DFFFC /* SignUpContainer.swift */; };
/* End PBXBuildFile section */

/* Begin PBXFileReference section */
		0840331767E2EEC090EC76DF /* Pods-taboo.debug.xcconfig */ = {isa = PBXFileReference; includeInIndex = 1; lastKnownFileType = text.xcconfig; name = "Pods-taboo.debug.xcconfig"; path = "Target Support Files/Pods-taboo/Pods-taboo.debug.xcconfig"; sourceTree = "<group>"; };
		74F5EBB087D5EBCB122EC2F0 /* Pods_taboo.framework */ = {isa = PBXFileReference; explicitFileType = wrapper.framework; includeInIndex = 0; path = Pods_taboo.framework; sourceTree = BUILT_PRODUCTS_DIR; };
		7A3B7C2499B56F0B6F282D22 /* Pods-taboo.release.xcconfig */ = {isa = PBXFileReference; includeInIndex = 1; lastKnownFileType = text.xcconfig; name = "Pods-taboo.release.xcconfig"; path = "Target Support Files/Pods-taboo/Pods-taboo.release.xcconfig"; sourceTree = "<group>"; };
		8801D3F0261DC00E00F0C670 /* TableViewButtonCell.swift */ = {isa = PBXFileReference; lastKnownFileType = sourcecode.swift; path = TableViewButtonCell.swift; sourceTree = "<group>"; };
		8801D3F3261DC03B00F0C670 /* TableViewCellType.swift */ = {isa = PBXFileReference; lastKnownFileType = sourcecode.swift; path = TableViewCellType.swift; sourceTree = "<group>"; };
		882261F326085F8C001A6EBE /* taboo.app */ = {isa = PBXFileReference; explicitFileType = wrapper.application; includeInIndex = 0; path = taboo.app; sourceTree = BUILT_PRODUCTS_DIR; };
		882261F626085F8C001A6EBE /* AppDelegate.swift */ = {isa = PBXFileReference; lastKnownFileType = sourcecode.swift; path = AppDelegate.swift; sourceTree = "<group>"; };
		882261FF26085F8F001A6EBE /* Assets.xcassets */ = {isa = PBXFileReference; lastKnownFileType = folder.assetcatalog; path = Assets.xcassets; sourceTree = "<group>"; };
		8822620226085F8F001A6EBE /* Base */ = {isa = PBXFileReference; lastKnownFileType = file.storyboard; name = Base; path = Base.lproj/LaunchScreen.storyboard; sourceTree = "<group>"; };
		8822620426085F90001A6EBE /* Info.plist */ = {isa = PBXFileReference; lastKnownFileType = text.plist.xml; path = Info.plist; sourceTree = "<group>"; };
		8822620F26086929001A6EBE /* CharacterSet+Additional.swift */ = {isa = PBXFileReference; lastKnownFileType = sourcecode.swift; path = "CharacterSet+Additional.swift"; sourceTree = "<group>"; };
		882262122608699C001A6EBE /* StringExtension.swift */ = {isa = PBXFileReference; lastKnownFileType = sourcecode.swift; path = StringExtension.swift; sourceTree = "<group>"; };
		8822621526086A1C001A6EBE /* ConvertExtensions.swift */ = {isa = PBXFileReference; lastKnownFileType = sourcecode.swift; path = ConvertExtensions.swift; sourceTree = "<group>"; };
		8822622226086DAA001A6EBE /* SFProDisplay-Regular.ttf */ = {isa = PBXFileReference; lastKnownFileType = file; path = "SFProDisplay-Regular.ttf"; sourceTree = "<group>"; };
		8822622326086DAA001A6EBE /* SFProDisplay-Bold.ttf */ = {isa = PBXFileReference; lastKnownFileType = file; path = "SFProDisplay-Bold.ttf"; sourceTree = "<group>"; };
		8822622426086DAA001A6EBE /* SFProDisplay-Medium.ttf */ = {isa = PBXFileReference; lastKnownFileType = file; path = "SFProDisplay-Medium.ttf"; sourceTree = "<group>"; };
		8822623A2608713D001A6EBE /* en */ = {isa = PBXFileReference; lastKnownFileType = text.plist.strings; name = en; path = en.lproj/Localizable.strings; sourceTree = "<group>"; };
		8822623F2608718C001A6EBE /* ru */ = {isa = PBXFileReference; lastKnownFileType = text.plist.strings; name = ru; path = ru.lproj/LaunchScreen.strings; sourceTree = "<group>"; };
		88226240260871AA001A6EBE /* ru */ = {isa = PBXFileReference; lastKnownFileType = text.plist.strings; name = ru; path = ru.lproj/Localizable.strings; sourceTree = "<group>"; };
		882262562608A385001A6EBE /* SessionTracker.swift */ = {isa = PBXFileReference; lastKnownFileType = sourcecode.swift; path = SessionTracker.swift; sourceTree = "<group>"; };
		8822625E2608A4AF001A6EBE /* AppConstants.swift */ = {isa = PBXFileReference; lastKnownFileType = sourcecode.swift; path = AppConstants.swift; sourceTree = "<group>"; };
		882262632608A80B001A6EBE /* ResultHandlingView.swift */ = {isa = PBXFileReference; lastKnownFileType = sourcecode.swift; path = ResultHandlingView.swift; sourceTree = "<group>"; };
		882262672608A83C001A6EBE /* IndicatableView.swift */ = {isa = PBXFileReference; lastKnownFileType = sourcecode.swift; path = IndicatableView.swift; sourceTree = "<group>"; };
		8822626B2608A8E3001A6EBE /* ResultHandlingView+UIViewController.swift */ = {isa = PBXFileReference; lastKnownFileType = sourcecode.swift; path = "ResultHandlingView+UIViewController.swift"; sourceTree = "<group>"; };
		8822626F2608A9A8001A6EBE /* EmptyHandlingView.swift */ = {isa = PBXFileReference; lastKnownFileType = sourcecode.swift; path = EmptyHandlingView.swift; sourceTree = "<group>"; };
		882262742608AA79001A6EBE /* RootComponent.swift */ = {isa = PBXFileReference; lastKnownFileType = sourcecode.swift; path = RootComponent.swift; sourceTree = "<group>"; };
		882262792608ABF3001A6EBE /* AuthenticationStore.swift */ = {isa = PBXFileReference; lastKnownFileType = sourcecode.swift; path = AuthenticationStore.swift; sourceTree = "<group>"; };
		8822627E2608AD6D001A6EBE /* StorageProtocol.swift */ = {isa = PBXFileReference; lastKnownFileType = sourcecode.swift; path = StorageProtocol.swift; sourceTree = "<group>"; };
		882262812608AE34001A6EBE /* UserDefaultsStorage.swift */ = {isa = PBXFileReference; lastKnownFileType = sourcecode.swift; path = UserDefaultsStorage.swift; sourceTree = "<group>"; };
		882262842608AF5A001A6EBE /* KeyChainStorage.swift */ = {isa = PBXFileReference; lastKnownFileType = sourcecode.swift; path = KeyChainStorage.swift; sourceTree = "<group>"; };
		882262892608B0DD001A6EBE /* BaseProvider.swift */ = {isa = PBXFileReference; lastKnownFileType = sourcecode.swift; path = BaseProvider.swift; sourceTree = "<group>"; };
		8822628D2608B18D001A6EBE /* AnyTarget.swift */ = {isa = PBXFileReference; lastKnownFileType = sourcecode.swift; path = AnyTarget.swift; sourceTree = "<group>"; };
		882262902608B2E7001A6EBE /* Result.swift */ = {isa = PBXFileReference; lastKnownFileType = sourcecode.swift; path = Result.swift; sourceTree = "<group>"; };
		882262932608B3A5001A6EBE /* NetworkError.swift */ = {isa = PBXFileReference; lastKnownFileType = sourcecode.swift; path = NetworkError.swift; sourceTree = "<group>"; };
		882262962608B460001A6EBE /* JSONStandard.swift */ = {isa = PBXFileReference; lastKnownFileType = sourcecode.swift; path = JSONStandard.swift; sourceTree = "<group>"; };
		882262992608B485001A6EBE /* WebServiceType.swift */ = {isa = PBXFileReference; lastKnownFileType = sourcecode.swift; path = WebServiceType.swift; sourceTree = "<group>"; };
		8822629D2608B699001A6EBE /* OnboardingContract.swift */ = {isa = PBXFileReference; lastKnownFileType = sourcecode.swift; path = OnboardingContract.swift; sourceTree = "<group>"; };
		8822629E2608B699001A6EBE /* OnboardingPresenter.swift */ = {isa = PBXFileReference; lastKnownFileType = sourcecode.swift; path = OnboardingPresenter.swift; sourceTree = "<group>"; };
		8822629F2608B699001A6EBE /* OnboardingRouter.swift */ = {isa = PBXFileReference; lastKnownFileType = sourcecode.swift; path = OnboardingRouter.swift; sourceTree = "<group>"; };
		882262A02608B699001A6EBE /* OnboardingViewController.swift */ = {isa = PBXFileReference; lastKnownFileType = sourcecode.swift; path = OnboardingViewController.swift; sourceTree = "<group>"; };
		882262A12608B699001A6EBE /* OnboardingComponent.swift */ = {isa = PBXFileReference; lastKnownFileType = sourcecode.swift; path = OnboardingComponent.swift; sourceTree = "<group>"; };
		882262A22608B699001A6EBE /* OnboardingInteractor.swift */ = {isa = PBXFileReference; lastKnownFileType = sourcecode.swift; path = OnboardingInteractor.swift; sourceTree = "<group>"; };
		882262AC2608B7DF001A6EBE /* InteractorOutputProtocol.swift */ = {isa = PBXFileReference; lastKnownFileType = sourcecode.swift; path = InteractorOutputProtocol.swift; sourceTree = "<group>"; };
		882262B72608B98E001A6EBE /* SDPageControlDotView.swift */ = {isa = PBXFileReference; lastKnownFileType = sourcecode.swift; path = SDPageControlDotView.swift; sourceTree = "<group>"; };
		882262BB2608B9B2001A6EBE /* SDPageControlView.swift */ = {isa = PBXFileReference; lastKnownFileType = sourcecode.swift; path = SDPageControlView.swift; sourceTree = "<group>"; };
		882262BE2608BAC3001A6EBE /* Colors.json */ = {isa = PBXFileReference; lastKnownFileType = text.json; path = Colors.json; sourceTree = "<group>"; };
		882262C02608BC60001A6EBE /* BaseViewController.swift */ = {isa = PBXFileReference; lastKnownFileType = sourcecode.swift; path = BaseViewController.swift; sourceTree = "<group>"; };
		882262C52608BCD8001A6EBE /* CustomNavigationBar.swift */ = {isa = PBXFileReference; lastKnownFileType = sourcecode.swift; path = CustomNavigationBar.swift; sourceTree = "<group>"; };
		882262CA2608BD40001A6EBE /* MainButton.swift */ = {isa = PBXFileReference; lastKnownFileType = sourcecode.swift; path = MainButton.swift; sourceTree = "<group>"; };
		882262CF2608BED7001A6EBE /* OnboardingPageViewController.swift */ = {isa = PBXFileReference; lastKnownFileType = sourcecode.swift; path = OnboardingPageViewController.swift; sourceTree = "<group>"; };
		882262D72608BF33001A6EBE /* OnboardingInfoModel.swift */ = {isa = PBXFileReference; lastKnownFileType = sourcecode.swift; path = OnboardingInfoModel.swift; sourceTree = "<group>"; };
		882262DB2608C17F001A6EBE /* SessionTrackerImpl.swift */ = {isa = PBXFileReference; lastKnownFileType = sourcecode.swift; path = SessionTrackerImpl.swift; sourceTree = "<group>"; };
		88226335260A050F001A6EBE /* LoginContract.swift */ = {isa = PBXFileReference; lastKnownFileType = sourcecode.swift; path = LoginContract.swift; sourceTree = "<group>"; };
		88226336260A050F001A6EBE /* LoginPresenter.swift */ = {isa = PBXFileReference; lastKnownFileType = sourcecode.swift; path = LoginPresenter.swift; sourceTree = "<group>"; };
		88226337260A050F001A6EBE /* LoginRouter.swift */ = {isa = PBXFileReference; lastKnownFileType = sourcecode.swift; path = LoginRouter.swift; sourceTree = "<group>"; };
		88226338260A050F001A6EBE /* LoginViewController.swift */ = {isa = PBXFileReference; lastKnownFileType = sourcecode.swift; path = LoginViewController.swift; sourceTree = "<group>"; };
		88226339260A050F001A6EBE /* LoginComponent.swift */ = {isa = PBXFileReference; lastKnownFileType = sourcecode.swift; path = LoginComponent.swift; sourceTree = "<group>"; };
		8822633A260A050F001A6EBE /* LoginInteractor.swift */ = {isa = PBXFileReference; lastKnownFileType = sourcecode.swift; path = LoginInteractor.swift; sourceTree = "<group>"; };
		8822634B260A0A0C001A6EBE /* UserTarget.swift */ = {isa = PBXFileReference; lastKnownFileType = sourcecode.swift; path = UserTarget.swift; sourceTree = "<group>"; };
		88226353260A0C5D001A6EBE /* User.swift */ = {isa = PBXFileReference; lastKnownFileType = sourcecode.swift; path = User.swift; sourceTree = "<group>"; };
		88226357260B153A001A6EBE /* MainTextFieldStyle.swift */ = {isa = PBXFileReference; lastKnownFileType = sourcecode.swift; path = MainTextFieldStyle.swift; sourceTree = "<group>"; };
		8822635A260B156C001A6EBE /* MainTextField.swift */ = {isa = PBXFileReference; lastKnownFileType = sourcecode.swift; path = MainTextField.swift; sourceTree = "<group>"; };
		8822635E260B15B1001A6EBE /* HideableTextField.swift */ = {isa = PBXFileReference; lastKnownFileType = sourcecode.swift; path = HideableTextField.swift; sourceTree = "<group>"; };
		8822636E260B1E8F001A6EBE /* UIView+Identifier.swift */ = {isa = PBXFileReference; lastKnownFileType = sourcecode.swift; path = "UIView+Identifier.swift"; sourceTree = "<group>"; };
		88226372260B1EB1001A6EBE /* UIView+AddSubviews.swift */ = {isa = PBXFileReference; lastKnownFileType = sourcecode.swift; path = "UIView+AddSubviews.swift"; sourceTree = "<group>"; };
		88226382260B2170001A6EBE /* SignUpContract.swift */ = {isa = PBXFileReference; lastKnownFileType = sourcecode.swift; path = SignUpContract.swift; sourceTree = "<group>"; };
		88226383260B2170001A6EBE /* SignUpPresenter.swift */ = {isa = PBXFileReference; lastKnownFileType = sourcecode.swift; path = SignUpPresenter.swift; sourceTree = "<group>"; };
		88226384260B2170001A6EBE /* SignUpRouter.swift */ = {isa = PBXFileReference; lastKnownFileType = sourcecode.swift; path = SignUpRouter.swift; sourceTree = "<group>"; };
		88226385260B2170001A6EBE /* SignUpViewController.swift */ = {isa = PBXFileReference; lastKnownFileType = sourcecode.swift; path = SignUpViewController.swift; sourceTree = "<group>"; };
		88226386260B2170001A6EBE /* SignUpComponent.swift */ = {isa = PBXFileReference; lastKnownFileType = sourcecode.swift; path = SignUpComponent.swift; sourceTree = "<group>"; };
		88226387260B2170001A6EBE /* SignUpInteractor.swift */ = {isa = PBXFileReference; lastKnownFileType = sourcecode.swift; path = SignUpInteractor.swift; sourceTree = "<group>"; };
		88226396260B224C001A6EBE /* IndicatableView+UIView.swift */ = {isa = PBXFileReference; lastKnownFileType = sourcecode.swift; path = "IndicatableView+UIView.swift"; sourceTree = "<group>"; };
		88226399260B2276001A6EBE /* IndicatableView+UITableView.swift */ = {isa = PBXFileReference; lastKnownFileType = sourcecode.swift; path = "IndicatableView+UITableView.swift"; sourceTree = "<group>"; };
		8822639C260B229C001A6EBE /* IndicatableView+UIViewController.swift */ = {isa = PBXFileReference; lastKnownFileType = sourcecode.swift; path = "IndicatableView+UIViewController.swift"; sourceTree = "<group>"; };
		8822639F260B22B8001A6EBE /* IndicatableView+UIButton.swift */ = {isa = PBXFileReference; lastKnownFileType = sourcecode.swift; path = "IndicatableView+UIButton.swift"; sourceTree = "<group>"; };
		882263A3260B22EB001A6EBE /* ActivityView.swift */ = {isa = PBXFileReference; lastKnownFileType = sourcecode.swift; path = ActivityView.swift; sourceTree = "<group>"; };
		882263A7260B231E001A6EBE /* SpinnerIndicator.swift */ = {isa = PBXFileReference; lastKnownFileType = sourcecode.swift; path = SpinnerIndicator.swift; sourceTree = "<group>"; };
		882263AA260B2337001A6EBE /* SpinnerView.swift */ = {isa = PBXFileReference; lastKnownFileType = sourcecode.swift; path = SpinnerView.swift; sourceTree = "<group>"; };
		882263AD260B234D001A6EBE /* TableViewIndicatorView.swift */ = {isa = PBXFileReference; lastKnownFileType = sourcecode.swift; path = TableViewIndicatorView.swift; sourceTree = "<group>"; };
		88226430260C84A5001A6EBE /* ParameterKeys.swift */ = {isa = PBXFileReference; lastKnownFileType = sourcecode.swift; path = ParameterKeys.swift; sourceTree = "<group>"; };
		88226433260C84E5001A6EBE /* OnboardingInfoViewController.swift */ = {isa = PBXFileReference; lastKnownFileType = sourcecode.swift; path = OnboardingInfoViewController.swift; sourceTree = "<group>"; };
		8839EC6726299A68000710D2 /* GenrePickerContract.swift */ = {isa = PBXFileReference; lastKnownFileType = sourcecode.swift; path = GenrePickerContract.swift; sourceTree = "<group>"; };
		8839EC6826299A68000710D2 /* GenrePickerPresenter.swift */ = {isa = PBXFileReference; lastKnownFileType = sourcecode.swift; path = GenrePickerPresenter.swift; sourceTree = "<group>"; };
		8839EC6926299A68000710D2 /* GenrePickerRouter.swift */ = {isa = PBXFileReference; lastKnownFileType = sourcecode.swift; path = GenrePickerRouter.swift; sourceTree = "<group>"; };
		8839EC6A26299A68000710D2 /* GenrePickerViewController.swift */ = {isa = PBXFileReference; lastKnownFileType = sourcecode.swift; path = GenrePickerViewController.swift; sourceTree = "<group>"; };
		8839EC6B26299A68000710D2 /* GenrePickerComponent.swift */ = {isa = PBXFileReference; lastKnownFileType = sourcecode.swift; path = GenrePickerComponent.swift; sourceTree = "<group>"; };
		8839EC6C26299A68000710D2 /* GenrePickerInteractor.swift */ = {isa = PBXFileReference; lastKnownFileType = sourcecode.swift; path = GenrePickerInteractor.swift; sourceTree = "<group>"; };
		8839ECC8262AA7FB000710D2 /* Magnetic.storyboard */ = {isa = PBXFileReference; lastKnownFileType = file.storyboard; path = Magnetic.storyboard; sourceTree = "<group>"; };
		8839ECCC262ADD75000710D2 /* Magnetic.swift */ = {isa = PBXFileReference; fileEncoding = 4; lastKnownFileType = sourcecode.swift; path = Magnetic.swift; sourceTree = "<group>"; };
		8839ECCD262ADD76000710D2 /* Node.swift */ = {isa = PBXFileReference; fileEncoding = 4; lastKnownFileType = sourcecode.swift; path = Node.swift; sourceTree = "<group>"; };
		8839ECCE262ADD76000710D2 /* SKAction+Color.swift */ = {isa = PBXFileReference; fileEncoding = 4; lastKnownFileType = sourcecode.swift; path = "SKAction+Color.swift"; sourceTree = "<group>"; };
		8839ECCF262ADD76000710D2 /* MagneticView.swift */ = {isa = PBXFileReference; fileEncoding = 4; lastKnownFileType = sourcecode.swift; path = MagneticView.swift; sourceTree = "<group>"; };
		8839ECD0262ADD76000710D2 /* Extensions.swift */ = {isa = PBXFileReference; fileEncoding = 4; lastKnownFileType = sourcecode.swift; path = Extensions.swift; sourceTree = "<group>"; };
		8839ECD1262ADD76000710D2 /* SKMultilineLabelNode.swift */ = {isa = PBXFileReference; fileEncoding = 4; lastKnownFileType = sourcecode.swift; path = SKMultilineLabelNode.swift; sourceTree = "<group>"; };
		88976D772616DB7C00F6FD0F /* NeedleGenerated.swift */ = {isa = PBXFileReference; lastKnownFileType = sourcecode.swift; path = NeedleGenerated.swift; sourceTree = "<group>"; };
		88976D852616E9B500F6FD0F /* XCAssets+Generated.swift */ = {isa = PBXFileReference; lastKnownFileType = sourcecode.swift; path = "XCAssets+Generated.swift"; sourceTree = "<group>"; };
		88976D882616E9C900F6FD0F /* Colors+Generated.swift */ = {isa = PBXFileReference; lastKnownFileType = sourcecode.swift; path = "Colors+Generated.swift"; sourceTree = "<group>"; };
		88976D8B2616E9D900F6FD0F /* Fonts+Generated.swift */ = {isa = PBXFileReference; lastKnownFileType = sourcecode.swift; path = "Fonts+Generated.swift"; sourceTree = "<group>"; };
		88976D922616EC7B00F6FD0F /* Strings+Generated.swift */ = {isa = PBXFileReference; lastKnownFileType = sourcecode.swift; path = "Strings+Generated.swift"; sourceTree = "<group>"; };
		88A0D05B2627FB9B007DFFFC /* UIViewController+TopVC.swift */ = {isa = PBXFileReference; lastKnownFileType = sourcecode.swift; path = "UIViewController+TopVC.swift"; sourceTree = "<group>"; };
		88A0D0662627FBD5007DFFFC /* UIViewController+Alert.swift */ = {isa = PBXFileReference; lastKnownFileType = sourcecode.swift; path = "UIViewController+Alert.swift"; sourceTree = "<group>"; };
		88A0D06A2627FC06007DFFFC /* UICollectionViewExtension.swift */ = {isa = PBXFileReference; lastKnownFileType = sourcecode.swift; path = UICollectionViewExtension.swift; sourceTree = "<group>"; };
		88A0D06F2627FC4C007DFFFC /* UITableViewExtension.swift */ = {isa = PBXFileReference; lastKnownFileType = sourcecode.swift; path = UITableViewExtension.swift; sourceTree = "<group>"; };
		88A0D0742627FC80007DFFFC /* UIImageView+Kingfisher.swift */ = {isa = PBXFileReference; lastKnownFileType = sourcecode.swift; path = "UIImageView+Kingfisher.swift"; sourceTree = "<group>"; };
		88A0D07B2627FD6A007DFFFC /* ResultView.swift */ = {isa = PBXFileReference; lastKnownFileType = sourcecode.swift; path = ResultView.swift; sourceTree = "<group>"; };
		88A0D07E2627FD8F007DFFFC /* ResultViewController.swift */ = {isa = PBXFileReference; lastKnownFileType = sourcecode.swift; path = ResultViewController.swift; sourceTree = "<group>"; };
		88A0D0822627FE55007DFFFC /* PhoneNumberInputView.swift */ = {isa = PBXFileReference; lastKnownFileType = sourcecode.swift; path = PhoneNumberInputView.swift; sourceTree = "<group>"; };
		88A0D0B626281A2C007DFFFC /* TableViewInfoCell.swift */ = {isa = PBXFileReference; lastKnownFileType = sourcecode.swift; path = TableViewInfoCell.swift; sourceTree = "<group>"; };
		88A0D0BA26281A5D007DFFFC /* TableViewTextFieldCell.swift */ = {isa = PBXFileReference; lastKnownFileType = sourcecode.swift; path = TableViewTextFieldCell.swift; sourceTree = "<group>"; };
		88A0D0BE26281A93007DFFFC /* TableViewLabelCell.swift */ = {isa = PBXFileReference; lastKnownFileType = sourcecode.swift; path = TableViewLabelCell.swift; sourceTree = "<group>"; };
		88A0D0C426281D7E007DFFFC /* SignUpContainer.swift */ = {isa = PBXFileReference; lastKnownFileType = sourcecode.swift; path = SignUpContainer.swift; sourceTree = "<group>"; };
/* End PBXFileReference section */

/* Begin PBXFrameworksBuildPhase section */
		882261F026085F8C001A6EBE /* Frameworks */ = {
			isa = PBXFrameworksBuildPhase;
			buildActionMask = 2147483647;
			files = (
				73281EA1612C5D52BAC3D36D /* Pods_taboo.framework in Frameworks */,
			);
			runOnlyForDeploymentPostprocessing = 0;
		};
/* End PBXFrameworksBuildPhase section */

/* Begin PBXGroup section */
		3F85B3C820EF61873AB0214D /* Pods */ = {
			isa = PBXGroup;
			children = (
				0840331767E2EEC090EC76DF /* Pods-taboo.debug.xcconfig */,
				7A3B7C2499B56F0B6F282D22 /* Pods-taboo.release.xcconfig */,
			);
			path = Pods;
			sourceTree = "<group>";
		};
		8801D3EE261DBFBD00F0C670 /* UITableViewCells */ = {
			isa = PBXGroup;
			children = (
				8801D3F3261DC03B00F0C670 /* TableViewCellType.swift */,
				88A0D0B526281A15007DFFFC /* TableViewInfoCell */,
				88A0D0B926281A43007DFFFC /* TableViewTextFieldCell */,
				88A0D0BD26281A82007DFFFC /* TableViewLabelCell */,
				8801D3EF261DBFEB00F0C670 /* TableViewButtonCell */,
			);
			path = UITableViewCells;
			sourceTree = "<group>";
		};
		8801D3EF261DBFEB00F0C670 /* TableViewButtonCell */ = {
			isa = PBXGroup;
			children = (
				8801D3F0261DC00E00F0C670 /* TableViewButtonCell.swift */,
			);
			path = TableViewButtonCell;
			sourceTree = "<group>";
		};
		882261EA26085F8B001A6EBE = {
			isa = PBXGroup;
			children = (
				882261F526085F8C001A6EBE /* taboo */,
				882261F426085F8C001A6EBE /* Products */,
				3F85B3C820EF61873AB0214D /* Pods */,
				C1D761DACF96D3F47D5B5F7A /* Frameworks */,
			);
			sourceTree = "<group>";
		};
		882261F426085F8C001A6EBE /* Products */ = {
			isa = PBXGroup;
			children = (
				882261F326085F8C001A6EBE /* taboo.app */,
			);
			name = Products;
			sourceTree = "<group>";
		};
		882261F526085F8C001A6EBE /* taboo */ = {
			isa = PBXGroup;
			children = (
				8822620C26086869001A6EBE /* Application */,
				8822625A2608A460001A6EBE /* Common */,
				882262C32608BCAE001A6EBE /* CustomViews */,
				8822620E260868FD001A6EBE /* Extensions */,
				8822621926086ACD001A6EBE /* Entities */,
				8822621A26086ADD001A6EBE /* Modules */,
				8822621B26086AF4001A6EBE /* Services */,
				8822621C26086C6D001A6EBE /* Resources */,
				8822620426085F90001A6EBE /* Info.plist */,
				882263002609B9A3001A6EBE /* Generated */,
			);
			path = taboo;
			sourceTree = "<group>";
		};
		8822620C26086869001A6EBE /* Application */ = {
			isa = PBXGroup;
			children = (
				882261F626085F8C001A6EBE /* AppDelegate.swift */,
			);
			path = Application;
			sourceTree = "<group>";
		};
		8822620E260868FD001A6EBE /* Extensions */ = {
			isa = PBXGroup;
			children = (
				8822636B260B1E69001A6EBE /* Foundation */,
				8822621826086AA6001A6EBE /* UIKit */,
			);
			path = Extensions;
			sourceTree = "<group>";
		};
		8822621826086AA6001A6EBE /* UIKit */ = {
			isa = PBXGroup;
			children = (
				88A0D0732627FC6D007DFFFC /* UIImageView */,
				88A0D06E2627FC20007DFFFC /* UITableView */,
				88A0D0692627FBEC007DFFFC /* UICollectionView */,
				88A0D05A2627FB76007DFFFC /* UIViewController */,
				8822636D260B1E7A001A6EBE /* UIView */,
			);
			path = UIKit;
			sourceTree = "<group>";
		};
		8822621926086ACD001A6EBE /* Entities */ = {
			isa = PBXGroup;
			children = (
				88226352260A0C54001A6EBE /* User */,
				882262D62608BF22001A6EBE /* Onboarding */,
			);
			path = Entities;
			sourceTree = "<group>";
		};
		8822621A26086ADD001A6EBE /* Modules */ = {
			isa = PBXGroup;
			children = (
				882262722608AA60001A6EBE /* Root */,
				8822629C2608B680001A6EBE /* Onboarding */,
				88226334260A04F9001A6EBE /* Login */,
				88226381260B215D001A6EBE /* SignUp */,
				8839EC6626299A4C000710D2 /* GenrePicker */,
			);
			path = Modules;
			sourceTree = "<group>";
		};
		8822621B26086AF4001A6EBE /* Services */ = {
			isa = PBXGroup;
			children = (
				8822627D2608AD51001A6EBE /* Storage */,
				882262772608ABC2001A6EBE /* Networking */,
				882262552608A36D001A6EBE /* SessionTracker */,
			);
			path = Services;
			sourceTree = "<group>";
		};
		8822621C26086C6D001A6EBE /* Resources */ = {
			isa = PBXGroup;
			children = (
				8822621D26086C7C001A6EBE /* Fonts */,
				8822622526086DF7001A6EBE /* Localization */,
				882261FF26085F8F001A6EBE /* Assets.xcassets */,
				8822620126085F8F001A6EBE /* LaunchScreen.storyboard */,
				882262BE2608BAC3001A6EBE /* Colors.json */,
			);
			path = Resources;
			sourceTree = "<group>";
		};
		8822621D26086C7C001A6EBE /* Fonts */ = {
			isa = PBXGroup;
			children = (
				8822622326086DAA001A6EBE /* SFProDisplay-Bold.ttf */,
				8822622426086DAA001A6EBE /* SFProDisplay-Medium.ttf */,
				8822622226086DAA001A6EBE /* SFProDisplay-Regular.ttf */,
			);
			path = Fonts;
			sourceTree = "<group>";
		};
		8822622526086DF7001A6EBE /* Localization */ = {
			isa = PBXGroup;
			children = (
				8822623B2608713D001A6EBE /* Localizable.strings */,
			);
			path = Localization;
			sourceTree = "<group>";
		};
		882262552608A36D001A6EBE /* SessionTracker */ = {
			isa = PBXGroup;
			children = (
				882262562608A385001A6EBE /* SessionTracker.swift */,
				882262DB2608C17F001A6EBE /* SessionTrackerImpl.swift */,
			);
			path = SessionTracker;
			sourceTree = "<group>";
		};
		8822625A2608A460001A6EBE /* Common */ = {
			isa = PBXGroup;
			children = (
				8822625D2608A498001A6EBE /* Constants */,
				8822625C2608A48C001A6EBE /* Protocols */,
				8822625B2608A483001A6EBE /* ViewController */,
			);
			path = Common;
			sourceTree = "<group>";
		};
		8822625B2608A483001A6EBE /* ViewController */ = {
			isa = PBXGroup;
			children = (
				882262C02608BC60001A6EBE /* BaseViewController.swift */,
			);
			path = ViewController;
			sourceTree = "<group>";
		};
		8822625C2608A48C001A6EBE /* Protocols */ = {
			isa = PBXGroup;
			children = (
				882262AB2608B7CE001A6EBE /* Interactor */,
				882262612608A7E1001A6EBE /* View */,
			);
			path = Protocols;
			sourceTree = "<group>";
		};
		8822625D2608A498001A6EBE /* Constants */ = {
			isa = PBXGroup;
			children = (
				8822625E2608A4AF001A6EBE /* AppConstants.swift */,
			);
			path = Constants;
			sourceTree = "<group>";
		};
		882262612608A7E1001A6EBE /* View */ = {
			isa = PBXGroup;
			children = (
				8822626E2608A99A001A6EBE /* EmptyHandlingView */,
				882262662608A820001A6EBE /* IndicatableView */,
				882262622608A7F0001A6EBE /* ResultHandlingView */,
			);
			path = View;
			sourceTree = "<group>";
		};
		882262622608A7F0001A6EBE /* ResultHandlingView */ = {
			isa = PBXGroup;
			children = (
				882262632608A80B001A6EBE /* ResultHandlingView.swift */,
				8822626B2608A8E3001A6EBE /* ResultHandlingView+UIViewController.swift */,
			);
			path = ResultHandlingView;
			sourceTree = "<group>";
		};
		882262662608A820001A6EBE /* IndicatableView */ = {
			isa = PBXGroup;
			children = (
				882262672608A83C001A6EBE /* IndicatableView.swift */,
				88226396260B224C001A6EBE /* IndicatableView+UIView.swift */,
				88226399260B2276001A6EBE /* IndicatableView+UITableView.swift */,
				8822639C260B229C001A6EBE /* IndicatableView+UIViewController.swift */,
				8822639F260B22B8001A6EBE /* IndicatableView+UIButton.swift */,
			);
			path = IndicatableView;
			sourceTree = "<group>";
		};
		8822626E2608A99A001A6EBE /* EmptyHandlingView */ = {
			isa = PBXGroup;
			children = (
				8822626F2608A9A8001A6EBE /* EmptyHandlingView.swift */,
			);
			path = EmptyHandlingView;
			sourceTree = "<group>";
		};
		882262722608AA60001A6EBE /* Root */ = {
			isa = PBXGroup;
			children = (
				882262732608AA66001A6EBE /* Component */,
			);
			path = Root;
			sourceTree = "<group>";
		};
		882262732608AA66001A6EBE /* Component */ = {
			isa = PBXGroup;
			children = (
				882262742608AA79001A6EBE /* RootComponent.swift */,
			);
			path = Component;
			sourceTree = "<group>";
		};
		882262772608ABC2001A6EBE /* Networking */ = {
			isa = PBXGroup;
			children = (
				882262872608B0C3001A6EBE /* Providers */,
				882262782608ABE2001A6EBE /* AuthenticationStore */,
				882262902608B2E7001A6EBE /* Result.swift */,
				882262932608B3A5001A6EBE /* NetworkError.swift */,
				882262962608B460001A6EBE /* JSONStandard.swift */,
				882262992608B485001A6EBE /* WebServiceType.swift */,
				88226430260C84A5001A6EBE /* ParameterKeys.swift */,
			);
			path = Networking;
			sourceTree = "<group>";
		};
		882262782608ABE2001A6EBE /* AuthenticationStore */ = {
			isa = PBXGroup;
			children = (
				882262792608ABF3001A6EBE /* AuthenticationStore.swift */,
			);
			path = AuthenticationStore;
			sourceTree = "<group>";
		};
		8822627D2608AD51001A6EBE /* Storage */ = {
			isa = PBXGroup;
			children = (
				8822627E2608AD6D001A6EBE /* StorageProtocol.swift */,
				882262812608AE34001A6EBE /* UserDefaultsStorage.swift */,
				882262842608AF5A001A6EBE /* KeyChainStorage.swift */,
			);
			path = Storage;
			sourceTree = "<group>";
		};
		882262872608B0C3001A6EBE /* Providers */ = {
			isa = PBXGroup;
			children = (
				882262882608B0CE001A6EBE /* Common */,
				8822634A260A09E4001A6EBE /* User */,
			);
			path = Providers;
			sourceTree = "<group>";
		};
		882262882608B0CE001A6EBE /* Common */ = {
			isa = PBXGroup;
			children = (
				882262892608B0DD001A6EBE /* BaseProvider.swift */,
				8822628D2608B18D001A6EBE /* AnyTarget.swift */,
			);
			path = Common;
			sourceTree = "<group>";
		};
		8822629C2608B680001A6EBE /* Onboarding */ = {
			isa = PBXGroup;
			children = (
				882262B02608B816001A6EBE /* Component */,
				882262B12608B82F001A6EBE /* Contract */,
				882262B22608B84B001A6EBE /* View */,
				882262B32608B85E001A6EBE /* Interactor */,
				882262B42608B872001A6EBE /* Presenter */,
				882262B52608B884001A6EBE /* Router */,
			);
			path = Onboarding;
			sourceTree = "<group>";
		};
		882262AB2608B7CE001A6EBE /* Interactor */ = {
			isa = PBXGroup;
			children = (
				882262AC2608B7DF001A6EBE /* InteractorOutputProtocol.swift */,
			);
			path = Interactor;
			sourceTree = "<group>";
		};
		882262B02608B816001A6EBE /* Component */ = {
			isa = PBXGroup;
			children = (
				882262A12608B699001A6EBE /* OnboardingComponent.swift */,
			);
			path = Component;
			sourceTree = "<group>";
		};
		882262B12608B82F001A6EBE /* Contract */ = {
			isa = PBXGroup;
			children = (
				8822629D2608B699001A6EBE /* OnboardingContract.swift */,
			);
			path = Contract;
			sourceTree = "<group>";
		};
		882262B22608B84B001A6EBE /* View */ = {
			isa = PBXGroup;
			children = (
				882262B62608B97D001A6EBE /* PageControl */,
				882262CE2608BEBE001A6EBE /* PageViewController */,
				882262A02608B699001A6EBE /* OnboardingViewController.swift */,
			);
			path = View;
			sourceTree = "<group>";
		};
		882262B32608B85E001A6EBE /* Interactor */ = {
			isa = PBXGroup;
			children = (
				882262A22608B699001A6EBE /* OnboardingInteractor.swift */,
			);
			path = Interactor;
			sourceTree = "<group>";
		};
		882262B42608B872001A6EBE /* Presenter */ = {
			isa = PBXGroup;
			children = (
				8822629E2608B699001A6EBE /* OnboardingPresenter.swift */,
			);
			path = Presenter;
			sourceTree = "<group>";
		};
		882262B52608B884001A6EBE /* Router */ = {
			isa = PBXGroup;
			children = (
				8822629F2608B699001A6EBE /* OnboardingRouter.swift */,
			);
			path = Router;
			sourceTree = "<group>";
		};
		882262B62608B97D001A6EBE /* PageControl */ = {
			isa = PBXGroup;
			children = (
				882262B72608B98E001A6EBE /* SDPageControlDotView.swift */,
				882262BB2608B9B2001A6EBE /* SDPageControlView.swift */,
			);
			path = PageControl;
			sourceTree = "<group>";
		};
		882262C32608BCAE001A6EBE /* CustomViews */ = {
			isa = PBXGroup;
			children = (
				88A0D0812627FE44007DFFFC /* SignUp */,
				88A0D07A2627FD58007DFFFC /* SuccessView */,
				882263A2260B22DD001A6EBE /* ActivityView */,
				8822635D260B15A0001A6EBE /* HideableTextField */,
				88226356260B1528001A6EBE /* MainTextField */,
				882262C92608BD33001A6EBE /* MainButton */,
				882262C42608BCC1001A6EBE /* NavigationBar */,
				8801D3EE261DBFBD00F0C670 /* UITableViewCells */,
			);
			path = CustomViews;
			sourceTree = "<group>";
		};
		882262C42608BCC1001A6EBE /* NavigationBar */ = {
			isa = PBXGroup;
			children = (
				882262C52608BCD8001A6EBE /* CustomNavigationBar.swift */,
			);
			path = NavigationBar;
			sourceTree = "<group>";
		};
		882262C92608BD33001A6EBE /* MainButton */ = {
			isa = PBXGroup;
			children = (
				882262CA2608BD40001A6EBE /* MainButton.swift */,
			);
			path = MainButton;
			sourceTree = "<group>";
		};
		882262CE2608BEBE001A6EBE /* PageViewController */ = {
			isa = PBXGroup;
			children = (
				882262CF2608BED7001A6EBE /* OnboardingPageViewController.swift */,
				88226433260C84E5001A6EBE /* OnboardingInfoViewController.swift */,
			);
			path = PageViewController;
			sourceTree = "<group>";
		};
		882262D62608BF22001A6EBE /* Onboarding */ = {
			isa = PBXGroup;
			children = (
				882262D72608BF33001A6EBE /* OnboardingInfoModel.swift */,
			);
			path = Onboarding;
			sourceTree = "<group>";
		};
		882263002609B9A3001A6EBE /* Generated */ = {
			isa = PBXGroup;
			children = (
				88976D832616DD8C00F6FD0F /* SwiftGen */,
				882263022609BBA1001A6EBE /* Needle */,
			);
			path = Generated;
			sourceTree = "<group>";
		};
		882263022609BBA1001A6EBE /* Needle */ = {
			isa = PBXGroup;
			children = (
				88976D772616DB7C00F6FD0F /* NeedleGenerated.swift */,
			);
			path = Needle;
			sourceTree = "<group>";
		};
		88226334260A04F9001A6EBE /* Login */ = {
			isa = PBXGroup;
			children = (
				88226347260A0539001A6EBE /* Component */,
				88226346260A0534001A6EBE /* Contract */,
				88226345260A052F001A6EBE /* View */,
				88226344260A0529001A6EBE /* Interactor */,
				88226343260A0523001A6EBE /* Presenter */,
				88226342260A051B001A6EBE /* Router */,
			);
			path = Login;
			sourceTree = "<group>";
		};
		88226342260A051B001A6EBE /* Router */ = {
			isa = PBXGroup;
			children = (
				88226337260A050F001A6EBE /* LoginRouter.swift */,
			);
			path = Router;
			sourceTree = "<group>";
		};
		88226343260A0523001A6EBE /* Presenter */ = {
			isa = PBXGroup;
			children = (
				88226336260A050F001A6EBE /* LoginPresenter.swift */,
			);
			path = Presenter;
			sourceTree = "<group>";
		};
		88226344260A0529001A6EBE /* Interactor */ = {
			isa = PBXGroup;
			children = (
				8822633A260A050F001A6EBE /* LoginInteractor.swift */,
			);
			path = Interactor;
			sourceTree = "<group>";
		};
		88226345260A052F001A6EBE /* View */ = {
			isa = PBXGroup;
			children = (
				88226338260A050F001A6EBE /* LoginViewController.swift */,
			);
			path = View;
			sourceTree = "<group>";
		};
		88226346260A0534001A6EBE /* Contract */ = {
			isa = PBXGroup;
			children = (
				88226335260A050F001A6EBE /* LoginContract.swift */,
			);
			path = Contract;
			sourceTree = "<group>";
		};
		88226347260A0539001A6EBE /* Component */ = {
			isa = PBXGroup;
			children = (
				88226339260A050F001A6EBE /* LoginComponent.swift */,
			);
			path = Component;
			sourceTree = "<group>";
		};
		8822634A260A09E4001A6EBE /* User */ = {
			isa = PBXGroup;
			children = (
				8822634B260A0A0C001A6EBE /* UserTarget.swift */,
			);
			path = User;
			sourceTree = "<group>";
		};
		88226352260A0C54001A6EBE /* User */ = {
			isa = PBXGroup;
			children = (
				88226353260A0C5D001A6EBE /* User.swift */,
			);
			path = User;
			sourceTree = "<group>";
		};
		88226356260B1528001A6EBE /* MainTextField */ = {
			isa = PBXGroup;
			children = (
				88226357260B153A001A6EBE /* MainTextFieldStyle.swift */,
				8822635A260B156C001A6EBE /* MainTextField.swift */,
			);
			path = MainTextField;
			sourceTree = "<group>";
		};
		8822635D260B15A0001A6EBE /* HideableTextField */ = {
			isa = PBXGroup;
			children = (
				8822635E260B15B1001A6EBE /* HideableTextField.swift */,
			);
			path = HideableTextField;
			sourceTree = "<group>";
		};
		8822636B260B1E69001A6EBE /* Foundation */ = {
			isa = PBXGroup;
			children = (
				8822620F26086929001A6EBE /* CharacterSet+Additional.swift */,
				882262122608699C001A6EBE /* StringExtension.swift */,
				8822621526086A1C001A6EBE /* ConvertExtensions.swift */,
			);
			path = Foundation;
			sourceTree = "<group>";
		};
		8822636D260B1E7A001A6EBE /* UIView */ = {
			isa = PBXGroup;
			children = (
				8822636E260B1E8F001A6EBE /* UIView+Identifier.swift */,
				88226372260B1EB1001A6EBE /* UIView+AddSubviews.swift */,
			);
			path = UIView;
			sourceTree = "<group>";
		};
		88226381260B215D001A6EBE /* SignUp */ = {
			isa = PBXGroup;
			children = (
				88226394260B2193001A6EBE /* Component */,
				88A0D0C326281C80007DFFFC /* Container */,
				88226393260B218E001A6EBE /* Contract */,
				88226392260B2189001A6EBE /* View */,
				88226391260B2184001A6EBE /* Interactor */,
				88226390260B217E001A6EBE /* Presenter */,
				8822638F260B2179001A6EBE /* Router */,
			);
			path = SignUp;
			sourceTree = "<group>";
		};
		8822638F260B2179001A6EBE /* Router */ = {
			isa = PBXGroup;
			children = (
				88226384260B2170001A6EBE /* SignUpRouter.swift */,
			);
			path = Router;
			sourceTree = "<group>";
		};
		88226390260B217E001A6EBE /* Presenter */ = {
			isa = PBXGroup;
			children = (
				88226383260B2170001A6EBE /* SignUpPresenter.swift */,
			);
			path = Presenter;
			sourceTree = "<group>";
		};
		88226391260B2184001A6EBE /* Interactor */ = {
			isa = PBXGroup;
			children = (
				88226387260B2170001A6EBE /* SignUpInteractor.swift */,
			);
			path = Interactor;
			sourceTree = "<group>";
		};
		88226392260B2189001A6EBE /* View */ = {
			isa = PBXGroup;
			children = (
				88226385260B2170001A6EBE /* SignUpViewController.swift */,
			);
			path = View;
			sourceTree = "<group>";
		};
		88226393260B218E001A6EBE /* Contract */ = {
			isa = PBXGroup;
			children = (
				88226382260B2170001A6EBE /* SignUpContract.swift */,
			);
			path = Contract;
			sourceTree = "<group>";
		};
		88226394260B2193001A6EBE /* Component */ = {
			isa = PBXGroup;
			children = (
				88226386260B2170001A6EBE /* SignUpComponent.swift */,
			);
			path = Component;
			sourceTree = "<group>";
		};
		882263A2260B22DD001A6EBE /* ActivityView */ = {
			isa = PBXGroup;
			children = (
				882263A3260B22EB001A6EBE /* ActivityView.swift */,
				882263A7260B231E001A6EBE /* SpinnerIndicator.swift */,
				882263AA260B2337001A6EBE /* SpinnerView.swift */,
				882263AD260B234D001A6EBE /* TableViewIndicatorView.swift */,
			);
			path = ActivityView;
			sourceTree = "<group>";
		};
		8839EC6626299A4C000710D2 /* GenrePicker */ = {
			isa = PBXGroup;
			children = (
				8839EC7A26299AA8000710D2 /* Component */,
				8839EC7926299A9E000710D2 /* Contract */,
				8839EC7826299A95000710D2 /* View */,
				8839EC7726299A8B000710D2 /* Interactor */,
				8839EC7626299A81000710D2 /* Presenter */,
				8839EC7526299A78000710D2 /* Router */,
			);
			path = GenrePicker;
			sourceTree = "<group>";
		};
		8839EC7526299A78000710D2 /* Router */ = {
			isa = PBXGroup;
			children = (
				8839EC6926299A68000710D2 /* GenrePickerRouter.swift */,
			);
			path = Router;
			sourceTree = "<group>";
		};
		8839EC7626299A81000710D2 /* Presenter */ = {
			isa = PBXGroup;
			children = (
				8839EC6826299A68000710D2 /* GenrePickerPresenter.swift */,
			);
			path = Presenter;
			sourceTree = "<group>";
		};
		8839EC7726299A8B000710D2 /* Interactor */ = {
			isa = PBXGroup;
			children = (
				8839EC6C26299A68000710D2 /* GenrePickerInteractor.swift */,
			);
			path = Interactor;
			sourceTree = "<group>";
		};
		8839EC7826299A95000710D2 /* View */ = {
			isa = PBXGroup;
			children = (
				8839EC8A2629B4BD000710D2 /* Magnetic */,
				8839EC6A26299A68000710D2 /* GenrePickerViewController.swift */,
				8839ECC8262AA7FB000710D2 /* Magnetic.storyboard */,
			);
			path = View;
			sourceTree = "<group>";
		};
		8839EC7926299A9E000710D2 /* Contract */ = {
			isa = PBXGroup;
			children = (
				8839EC6726299A68000710D2 /* GenrePickerContract.swift */,
			);
			path = Contract;
			sourceTree = "<group>";
		};
		8839EC7A26299AA8000710D2 /* Component */ = {
			isa = PBXGroup;
			children = (
				8839EC6B26299A68000710D2 /* GenrePickerComponent.swift */,
			);
			path = Component;
			sourceTree = "<group>";
		};
		8839EC8A2629B4BD000710D2 /* Magnetic */ = {
			isa = PBXGroup;
			children = (
				8839ECD0262ADD76000710D2 /* Extensions.swift */,
				8839ECCC262ADD75000710D2 /* Magnetic.swift */,
				8839ECCF262ADD76000710D2 /* MagneticView.swift */,
				8839ECCD262ADD76000710D2 /* Node.swift */,
				8839ECCE262ADD76000710D2 /* SKAction+Color.swift */,
				8839ECD1262ADD76000710D2 /* SKMultilineLabelNode.swift */,
			);
			path = Magnetic;
			sourceTree = "<group>";
		};
		88976D832616DD8C00F6FD0F /* SwiftGen */ = {
			isa = PBXGroup;
			children = (
				88976D852616E9B500F6FD0F /* XCAssets+Generated.swift */,
				88976D882616E9C900F6FD0F /* Colors+Generated.swift */,
				88976D8B2616E9D900F6FD0F /* Fonts+Generated.swift */,
				88976D922616EC7B00F6FD0F /* Strings+Generated.swift */,
			);
			path = SwiftGen;
			sourceTree = "<group>";
		};
		88A0D05A2627FB76007DFFFC /* UIViewController */ = {
			isa = PBXGroup;
			children = (
				88A0D05B2627FB9B007DFFFC /* UIViewController+TopVC.swift */,
				88A0D0662627FBD5007DFFFC /* UIViewController+Alert.swift */,
			);
			path = UIViewController;
			sourceTree = "<group>";
		};
		88A0D0692627FBEC007DFFFC /* UICollectionView */ = {
			isa = PBXGroup;
			children = (
				88A0D06A2627FC06007DFFFC /* UICollectionViewExtension.swift */,
			);
			path = UICollectionView;
			sourceTree = "<group>";
		};
		88A0D06E2627FC20007DFFFC /* UITableView */ = {
			isa = PBXGroup;
			children = (
				88A0D06F2627FC4C007DFFFC /* UITableViewExtension.swift */,
			);
			path = UITableView;
			sourceTree = "<group>";
		};
		88A0D0732627FC6D007DFFFC /* UIImageView */ = {
			isa = PBXGroup;
			children = (
				88A0D0742627FC80007DFFFC /* UIImageView+Kingfisher.swift */,
			);
			path = UIImageView;
			sourceTree = "<group>";
		};
		88A0D07A2627FD58007DFFFC /* SuccessView */ = {
			isa = PBXGroup;
			children = (
				88A0D07B2627FD6A007DFFFC /* ResultView.swift */,
				88A0D07E2627FD8F007DFFFC /* ResultViewController.swift */,
			);
			path = SuccessView;
			sourceTree = "<group>";
		};
		88A0D0812627FE44007DFFFC /* SignUp */ = {
			isa = PBXGroup;
			children = (
				88A0D0822627FE55007DFFFC /* PhoneNumberInputView.swift */,
			);
			path = SignUp;
			sourceTree = "<group>";
		};
		88A0D0B526281A15007DFFFC /* TableViewInfoCell */ = {
			isa = PBXGroup;
			children = (
				88A0D0B626281A2C007DFFFC /* TableViewInfoCell.swift */,
			);
			path = TableViewInfoCell;
			sourceTree = "<group>";
		};
		88A0D0B926281A43007DFFFC /* TableViewTextFieldCell */ = {
			isa = PBXGroup;
			children = (
				88A0D0BA26281A5D007DFFFC /* TableViewTextFieldCell.swift */,
			);
			path = TableViewTextFieldCell;
			sourceTree = "<group>";
		};
		88A0D0BD26281A82007DFFFC /* TableViewLabelCell */ = {
			isa = PBXGroup;
			children = (
				88A0D0BE26281A93007DFFFC /* TableViewLabelCell.swift */,
			);
			path = TableViewLabelCell;
			sourceTree = "<group>";
		};
		88A0D0C326281C80007DFFFC /* Container */ = {
			isa = PBXGroup;
			children = (
				88A0D0C426281D7E007DFFFC /* SignUpContainer.swift */,
			);
			path = Container;
			sourceTree = "<group>";
		};
		C1D761DACF96D3F47D5B5F7A /* Frameworks */ = {
			isa = PBXGroup;
			children = (
				74F5EBB087D5EBCB122EC2F0 /* Pods_taboo.framework */,
			);
			name = Frameworks;
			sourceTree = "<group>";
		};
/* End PBXGroup section */

/* Begin PBXNativeTarget section */
		882261F226085F8C001A6EBE /* taboo */ = {
			isa = PBXNativeTarget;
			buildConfigurationList = 8822620726085F90001A6EBE /* Build configuration list for PBXNativeTarget "taboo" */;
			buildPhases = (
				6CDCE3DB43A905AC7E2D7ADB /* [CP] Check Pods Manifest.lock */,
				882261EF26085F8C001A6EBE /* Sources */,
				882261F026085F8C001A6EBE /* Frameworks */,
				882261F126085F8C001A6EBE /* Resources */,
				882262DE2608C452001A6EBE /* SwiftGen */,
				882262E12608C567001A6EBE /* Needle */,
				5D50A3401EEAAE391A7A2798 /* [CP] Embed Pods Frameworks */,
			);
			buildRules = (
			);
			dependencies = (
			);
			name = taboo;
			productName = taboo;
			productReference = 882261F326085F8C001A6EBE /* taboo.app */;
			productType = "com.apple.product-type.application";
		};
/* End PBXNativeTarget section */

/* Begin PBXProject section */
		882261EB26085F8B001A6EBE /* Project object */ = {
			isa = PBXProject;
			attributes = {
				LastSwiftUpdateCheck = 1220;
				LastUpgradeCheck = 1220;
				TargetAttributes = {
					882261F226085F8C001A6EBE = {
						CreatedOnToolsVersion = 12.2;
					};
				};
			};
			buildConfigurationList = 882261EE26085F8C001A6EBE /* Build configuration list for PBXProject "taboo" */;
			compatibilityVersion = "Xcode 9.3";
			developmentRegion = en;
			hasScannedForEncodings = 0;
			knownRegions = (
				en,
				Base,
				ru,
			);
			mainGroup = 882261EA26085F8B001A6EBE;
			productRefGroup = 882261F426085F8C001A6EBE /* Products */;
			projectDirPath = "";
			projectRoot = "";
			targets = (
				882261F226085F8C001A6EBE /* taboo */,
			);
		};
/* End PBXProject section */

/* Begin PBXResourcesBuildPhase section */
		882261F126085F8C001A6EBE /* Resources */ = {
			isa = PBXResourcesBuildPhase;
			buildActionMask = 2147483647;
			files = (
				882263122609C14A001A6EBE /* SFProDisplay-Bold.ttf in Resources */,
				882263132609C14A001A6EBE /* SFProDisplay-Medium.ttf in Resources */,
				8839ECC9262AA7FB000710D2 /* Magnetic.storyboard in Resources */,
				882263142609C14A001A6EBE /* SFProDisplay-Regular.ttf in Resources */,
				8822620326085F8F001A6EBE /* LaunchScreen.storyboard in Resources */,
				882262392608713D001A6EBE /* Localizable.strings in Resources */,
				8822620026085F8F001A6EBE /* Assets.xcassets in Resources */,
			);
			runOnlyForDeploymentPostprocessing = 0;
		};
/* End PBXResourcesBuildPhase section */

/* Begin PBXShellScriptBuildPhase section */
		5D50A3401EEAAE391A7A2798 /* [CP] Embed Pods Frameworks */ = {
			isa = PBXShellScriptBuildPhase;
			buildActionMask = 2147483647;
			files = (
			);
			inputFileListPaths = (
				"${PODS_ROOT}/Target Support Files/Pods-taboo/Pods-taboo-frameworks-${CONFIGURATION}-input-files.xcfilelist",
			);
			name = "[CP] Embed Pods Frameworks";
			outputFileListPaths = (
				"${PODS_ROOT}/Target Support Files/Pods-taboo/Pods-taboo-frameworks-${CONFIGURATION}-output-files.xcfilelist",
			);
			runOnlyForDeploymentPostprocessing = 0;
			shellPath = /bin/sh;
			shellScript = "\"${PODS_ROOT}/Target Support Files/Pods-taboo/Pods-taboo-frameworks.sh\"\n";
			showEnvVarsInLog = 0;
		};
		6CDCE3DB43A905AC7E2D7ADB /* [CP] Check Pods Manifest.lock */ = {
			isa = PBXShellScriptBuildPhase;
			buildActionMask = 2147483647;
			files = (
			);
			inputFileListPaths = (
			);
			inputPaths = (
				"${PODS_PODFILE_DIR_PATH}/Podfile.lock",
				"${PODS_ROOT}/Manifest.lock",
			);
			name = "[CP] Check Pods Manifest.lock";
			outputFileListPaths = (
			);
			outputPaths = (
				"$(DERIVED_FILE_DIR)/Pods-taboo-checkManifestLockResult.txt",
			);
			runOnlyForDeploymentPostprocessing = 0;
			shellPath = /bin/sh;
			shellScript = "diff \"${PODS_PODFILE_DIR_PATH}/Podfile.lock\" \"${PODS_ROOT}/Manifest.lock\" > /dev/null\nif [ $? != 0 ] ; then\n    # print error to STDERR\n    echo \"error: The sandbox is not in sync with the Podfile.lock. Run 'pod install' or update your CocoaPods installation.\" >&2\n    exit 1\nfi\n# This output is used by Xcode 'outputs' to avoid re-running this script phase.\necho \"SUCCESS\" > \"${SCRIPT_OUTPUT_FILE_0}\"\n";
			showEnvVarsInLog = 0;
		};
		882262DE2608C452001A6EBE /* SwiftGen */ = {
			isa = PBXShellScriptBuildPhase;
			buildActionMask = 2147483647;
			files = (
			);
			inputFileListPaths = (
			);
			inputPaths = (
			);
			name = SwiftGen;
			outputFileListPaths = (
			);
			outputPaths = (
			);
			runOnlyForDeploymentPostprocessing = 0;
			shellPath = /bin/sh;
			shellScript = "if [[ -f \"${PODS_ROOT}/SwiftGen/bin/swiftgen\" ]]; then\n  \"${PODS_ROOT}/SwiftGen/bin/swiftgen\"\nelse\n  echo \"warning: SwiftGen is not installed. Run 'pod install --repo-update' to install it.\"\nfi\n\n";
		};
		882262E12608C567001A6EBE /* Needle */ = {
			isa = PBXShellScriptBuildPhase;
			buildActionMask = 2147483647;
			files = (
			);
			inputFileListPaths = (
			);
			inputPaths = (
			);
			name = Needle;
			outputFileListPaths = (
			);
			outputPaths = (
			);
			runOnlyForDeploymentPostprocessing = 0;
			shellPath = /bin/sh;
			shellScript = "export SOURCEKIT_LOGGING=0 && Needle/needle generate taboo/Generated/Needle/NeedleGenerated.swift taboo/\n\n";
		};
/* End PBXShellScriptBuildPhase section */

/* Begin PBXSourcesBuildPhase section */
		882261EF26085F8C001A6EBE /* Sources */ = {
			isa = PBXSourcesBuildPhase;
			buildActionMask = 2147483647;
			files = (
				8822633C260A050F001A6EBE /* LoginPresenter.swift in Sources */,
				882262822608AE34001A6EBE /* UserDefaultsStorage.swift in Sources */,
				88A0D0672627FBD5007DFFFC /* UIViewController+Alert.swift in Sources */,
				8839EC6F26299A68000710D2 /* GenrePickerRouter.swift in Sources */,
				88A0D0B726281A2C007DFFFC /* TableViewInfoCell.swift in Sources */,
				882262C12608BC60001A6EBE /* BaseViewController.swift in Sources */,
				8822638A260B2170001A6EBE /* SignUpRouter.swift in Sources */,
				882262BC2608B9B2001A6EBE /* SDPageControlView.swift in Sources */,
				8839EC7026299A68000710D2 /* GenrePickerViewController.swift in Sources */,
				8822627A2608ABF3001A6EBE /* AuthenticationStore.swift in Sources */,
				8822628E2608B18D001A6EBE /* AnyTarget.swift in Sources */,
				88A0D0C526281D7E007DFFFC /* SignUpContainer.swift in Sources */,
				8839ECD8262ADD76000710D2 /* SKMultilineLabelNode.swift in Sources */,
				8822638C260B2170001A6EBE /* SignUpComponent.swift in Sources */,
				882262B82608B98E001A6EBE /* SDPageControlDotView.swift in Sources */,
				88226434260C84E5001A6EBE /* OnboardingInfoViewController.swift in Sources */,
				88226340260A050F001A6EBE /* LoginInteractor.swift in Sources */,
				882262D82608BF33001A6EBE /* OnboardingInfoModel.swift in Sources */,
				882262A82608B699001A6EBE /* OnboardingInteractor.swift in Sources */,
				882262642608A80B001A6EBE /* ResultHandlingView.swift in Sources */,
				882262CB2608BD40001A6EBE /* MainButton.swift in Sources */,
				8839ECD5262ADD76000710D2 /* SKAction+Color.swift in Sources */,
				882262752608AA79001A6EBE /* RootComponent.swift in Sources */,
				882263AE260B234D001A6EBE /* TableViewIndicatorView.swift in Sources */,
				882262912608B2E7001A6EBE /* Result.swift in Sources */,
				88A0D0752627FC80007DFFFC /* UIImageView+Kingfisher.swift in Sources */,
				8822635B260B156C001A6EBE /* MainTextField.swift in Sources */,
				882263A8260B231E001A6EBE /* SpinnerIndicator.swift in Sources */,
				8839EC6D26299A68000710D2 /* GenrePickerContract.swift in Sources */,
				882263A0260B22B8001A6EBE /* IndicatableView+UIButton.swift in Sources */,
				88976D782616DB7C00F6FD0F /* NeedleGenerated.swift in Sources */,
				882262852608AF5A001A6EBE /* KeyChainStorage.swift in Sources */,
				8801D3F1261DC00E00F0C670 /* TableViewButtonCell.swift in Sources */,
				882262C62608BCD8001A6EBE /* CustomNavigationBar.swift in Sources */,
				88976D862616E9B500F6FD0F /* XCAssets+Generated.swift in Sources */,
				88A0D07C2627FD6A007DFFFC /* ResultView.swift in Sources */,
				882263AB260B2337001A6EBE /* SpinnerView.swift in Sources */,
				8822629A2608B485001A6EBE /* WebServiceType.swift in Sources */,
				8822638D260B2170001A6EBE /* SignUpInteractor.swift in Sources */,
				88A0D05C2627FB9B007DFFFC /* UIViewController+TopVC.swift in Sources */,
				8822639A260B2276001A6EBE /* IndicatableView+UITableView.swift in Sources */,
				8822621026086929001A6EBE /* CharacterSet+Additional.swift in Sources */,
				88A0D07F2627FD8F007DFFFC /* ResultViewController.swift in Sources */,
				88226431260C84A5001A6EBE /* ParameterKeys.swift in Sources */,
				8839EC6E26299A68000710D2 /* GenrePickerPresenter.swift in Sources */,
				88226354260A0C5D001A6EBE /* User.swift in Sources */,
				8839ECD7262ADD76000710D2 /* Extensions.swift in Sources */,
				8822635F260B15B1001A6EBE /* HideableTextField.swift in Sources */,
				882262D02608BED7001A6EBE /* OnboardingPageViewController.swift in Sources */,
				882262DC2608C17F001A6EBE /* SessionTrackerImpl.swift in Sources */,
				882262682608A83C001A6EBE /* IndicatableView.swift in Sources */,
				882262132608699C001A6EBE /* StringExtension.swift in Sources */,
				8822627F2608AD6D001A6EBE /* StorageProtocol.swift in Sources */,
				8839ECD3262ADD76000710D2 /* Magnetic.swift in Sources */,
				882262702608A9A8001A6EBE /* EmptyHandlingView.swift in Sources */,
				8822639D260B229C001A6EBE /* IndicatableView+UIViewController.swift in Sources */,
				8801D3F4261DC03B00F0C670 /* TableViewCellType.swift in Sources */,
				8822628A2608B0DD001A6EBE /* BaseProvider.swift in Sources */,
				8839ECD4262ADD76000710D2 /* Node.swift in Sources */,
				8822633D260A050F001A6EBE /* LoginRouter.swift in Sources */,
				8822633F260A050F001A6EBE /* LoginComponent.swift in Sources */,
				88A0D0BB26281A5D007DFFFC /* TableViewTextFieldCell.swift in Sources */,
				882262972608B460001A6EBE /* JSONStandard.swift in Sources */,
				88A0D0702627FC4C007DFFFC /* UITableViewExtension.swift in Sources */,
				8839EC7126299A68000710D2 /* GenrePickerComponent.swift in Sources */,
				882263A4260B22EB001A6EBE /* ActivityView.swift in Sources */,
				88226397260B224C001A6EBE /* IndicatableView+UIView.swift in Sources */,
				88976D932616EC7B00F6FD0F /* Strings+Generated.swift in Sources */,
				8822636F260B1E8F001A6EBE /* UIView+Identifier.swift in Sources */,
				882262AD2608B7E0001A6EBE /* InteractorOutputProtocol.swift in Sources */,
				88226358260B153A001A6EBE /* MainTextFieldStyle.swift in Sources */,
				882262A62608B699001A6EBE /* OnboardingViewController.swift in Sources */,
				88A0D0832627FE55007DFFFC /* PhoneNumberInputView.swift in Sources */,
				8822625F2608A4AF001A6EBE /* AppConstants.swift in Sources */,
				8822633B260A050F001A6EBE /* LoginContract.swift in Sources */,
				88976D8C2616E9D900F6FD0F /* Fonts+Generated.swift in Sources */,
				882262A72608B699001A6EBE /* OnboardingComponent.swift in Sources */,
				882262942608B3A5001A6EBE /* NetworkError.swift in Sources */,
				8822633E260A050F001A6EBE /* LoginViewController.swift in Sources */,
				8822621626086A1C001A6EBE /* ConvertExtensions.swift in Sources */,
				882262572608A385001A6EBE /* SessionTracker.swift in Sources */,
				882262A32608B699001A6EBE /* OnboardingContract.swift in Sources */,
				8839ECD6262ADD76000710D2 /* MagneticView.swift in Sources */,
				882261F726085F8C001A6EBE /* AppDelegate.swift in Sources */,
				88A0D06B2627FC06007DFFFC /* UICollectionViewExtension.swift in Sources */,
				88976D892616E9C900F6FD0F /* Colors+Generated.swift in Sources */,
				882262A42608B699001A6EBE /* OnboardingPresenter.swift in Sources */,
				882262A52608B699001A6EBE /* OnboardingRouter.swift in Sources */,
				8822626C2608A8E3001A6EBE /* ResultHandlingView+UIViewController.swift in Sources */,
				88A0D0BF26281A93007DFFFC /* TableViewLabelCell.swift in Sources */,
				8839EC7226299A68000710D2 /* GenrePickerInteractor.swift in Sources */,
				8822638B260B2170001A6EBE /* SignUpViewController.swift in Sources */,
				88226388260B2170001A6EBE /* SignUpContract.swift in Sources */,
				88226373260B1EB1001A6EBE /* UIView+AddSubviews.swift in Sources */,
				88226389260B2170001A6EBE /* SignUpPresenter.swift in Sources */,
				8822634C260A0A0C001A6EBE /* UserTarget.swift in Sources */,
			);
			runOnlyForDeploymentPostprocessing = 0;
		};
/* End PBXSourcesBuildPhase section */

/* Begin PBXVariantGroup section */
		8822620126085F8F001A6EBE /* LaunchScreen.storyboard */ = {
			isa = PBXVariantGroup;
			children = (
				8822620226085F8F001A6EBE /* Base */,
				8822623F2608718C001A6EBE /* ru */,
			);
			name = LaunchScreen.storyboard;
			sourceTree = "<group>";
		};
		8822623B2608713D001A6EBE /* Localizable.strings */ = {
			isa = PBXVariantGroup;
			children = (
				8822623A2608713D001A6EBE /* en */,
				88226240260871AA001A6EBE /* ru */,
			);
			name = Localizable.strings;
			sourceTree = "<group>";
		};
/* End PBXVariantGroup section */

/* Begin XCBuildConfiguration section */
		8822620526085F90001A6EBE /* Debug */ = {
			isa = XCBuildConfiguration;
			buildSettings = {
				ALWAYS_SEARCH_USER_PATHS = NO;
				CLANG_ANALYZER_LOCALIZABILITY_NONLOCALIZED = YES;
				CLANG_ANALYZER_NONNULL = YES;
				CLANG_ANALYZER_NUMBER_OBJECT_CONVERSION = YES_AGGRESSIVE;
				CLANG_CXX_LANGUAGE_STANDARD = "gnu++14";
				CLANG_CXX_LIBRARY = "libc++";
				CLANG_ENABLE_MODULES = YES;
				CLANG_ENABLE_OBJC_ARC = YES;
				CLANG_ENABLE_OBJC_WEAK = YES;
				CLANG_WARN_BLOCK_CAPTURE_AUTORELEASING = YES;
				CLANG_WARN_BOOL_CONVERSION = YES;
				CLANG_WARN_COMMA = YES;
				CLANG_WARN_CONSTANT_CONVERSION = YES;
				CLANG_WARN_DEPRECATED_OBJC_IMPLEMENTATIONS = YES;
				CLANG_WARN_DIRECT_OBJC_ISA_USAGE = YES_ERROR;
				CLANG_WARN_DOCUMENTATION_COMMENTS = YES;
				CLANG_WARN_EMPTY_BODY = YES;
				CLANG_WARN_ENUM_CONVERSION = YES;
				CLANG_WARN_INFINITE_RECURSION = YES;
				CLANG_WARN_INT_CONVERSION = YES;
				CLANG_WARN_NON_LITERAL_NULL_CONVERSION = YES;
				CLANG_WARN_OBJC_IMPLICIT_RETAIN_SELF = YES;
				CLANG_WARN_OBJC_LITERAL_CONVERSION = YES;
				CLANG_WARN_OBJC_ROOT_CLASS = YES_ERROR;
				CLANG_WARN_QUOTED_INCLUDE_IN_FRAMEWORK_HEADER = YES;
				CLANG_WARN_RANGE_LOOP_ANALYSIS = YES;
				CLANG_WARN_STRICT_PROTOTYPES = YES;
				CLANG_WARN_SUSPICIOUS_MOVE = YES;
				CLANG_WARN_UNGUARDED_AVAILABILITY = YES_AGGRESSIVE;
				CLANG_WARN_UNREACHABLE_CODE = YES;
				CLANG_WARN__DUPLICATE_METHOD_MATCH = YES;
				COPY_PHASE_STRIP = NO;
				DEBUG_INFORMATION_FORMAT = dwarf;
				ENABLE_STRICT_OBJC_MSGSEND = YES;
				ENABLE_TESTABILITY = YES;
				GCC_C_LANGUAGE_STANDARD = gnu11;
				GCC_DYNAMIC_NO_PIC = NO;
				GCC_NO_COMMON_BLOCKS = YES;
				GCC_OPTIMIZATION_LEVEL = 0;
				GCC_PREPROCESSOR_DEFINITIONS = (
					"DEBUG=1",
					"$(inherited)",
				);
				GCC_WARN_64_TO_32_BIT_CONVERSION = YES;
				GCC_WARN_ABOUT_RETURN_TYPE = YES_ERROR;
				GCC_WARN_UNDECLARED_SELECTOR = YES;
				GCC_WARN_UNINITIALIZED_AUTOS = YES_AGGRESSIVE;
				GCC_WARN_UNUSED_FUNCTION = YES;
				GCC_WARN_UNUSED_VARIABLE = YES;
				IPHONEOS_DEPLOYMENT_TARGET = 14.2;
				MTL_ENABLE_DEBUG_INFO = INCLUDE_SOURCE;
				MTL_FAST_MATH = YES;
				ONLY_ACTIVE_ARCH = YES;
				SDKROOT = iphoneos;
				SWIFT_ACTIVE_COMPILATION_CONDITIONS = DEBUG;
				SWIFT_OPTIMIZATION_LEVEL = "-Onone";
			};
			name = Debug;
		};
		8822620626085F90001A6EBE /* Release */ = {
			isa = XCBuildConfiguration;
			buildSettings = {
				ALWAYS_SEARCH_USER_PATHS = NO;
				CLANG_ANALYZER_LOCALIZABILITY_NONLOCALIZED = YES;
				CLANG_ANALYZER_NONNULL = YES;
				CLANG_ANALYZER_NUMBER_OBJECT_CONVERSION = YES_AGGRESSIVE;
				CLANG_CXX_LANGUAGE_STANDARD = "gnu++14";
				CLANG_CXX_LIBRARY = "libc++";
				CLANG_ENABLE_MODULES = YES;
				CLANG_ENABLE_OBJC_ARC = YES;
				CLANG_ENABLE_OBJC_WEAK = YES;
				CLANG_WARN_BLOCK_CAPTURE_AUTORELEASING = YES;
				CLANG_WARN_BOOL_CONVERSION = YES;
				CLANG_WARN_COMMA = YES;
				CLANG_WARN_CONSTANT_CONVERSION = YES;
				CLANG_WARN_DEPRECATED_OBJC_IMPLEMENTATIONS = YES;
				CLANG_WARN_DIRECT_OBJC_ISA_USAGE = YES_ERROR;
				CLANG_WARN_DOCUMENTATION_COMMENTS = YES;
				CLANG_WARN_EMPTY_BODY = YES;
				CLANG_WARN_ENUM_CONVERSION = YES;
				CLANG_WARN_INFINITE_RECURSION = YES;
				CLANG_WARN_INT_CONVERSION = YES;
				CLANG_WARN_NON_LITERAL_NULL_CONVERSION = YES;
				CLANG_WARN_OBJC_IMPLICIT_RETAIN_SELF = YES;
				CLANG_WARN_OBJC_LITERAL_CONVERSION = YES;
				CLANG_WARN_OBJC_ROOT_CLASS = YES_ERROR;
				CLANG_WARN_QUOTED_INCLUDE_IN_FRAMEWORK_HEADER = YES;
				CLANG_WARN_RANGE_LOOP_ANALYSIS = YES;
				CLANG_WARN_STRICT_PROTOTYPES = YES;
				CLANG_WARN_SUSPICIOUS_MOVE = YES;
				CLANG_WARN_UNGUARDED_AVAILABILITY = YES_AGGRESSIVE;
				CLANG_WARN_UNREACHABLE_CODE = YES;
				CLANG_WARN__DUPLICATE_METHOD_MATCH = YES;
				COPY_PHASE_STRIP = NO;
				DEBUG_INFORMATION_FORMAT = "dwarf-with-dsym";
				ENABLE_NS_ASSERTIONS = NO;
				ENABLE_STRICT_OBJC_MSGSEND = YES;
				GCC_C_LANGUAGE_STANDARD = gnu11;
				GCC_NO_COMMON_BLOCKS = YES;
				GCC_WARN_64_TO_32_BIT_CONVERSION = YES;
				GCC_WARN_ABOUT_RETURN_TYPE = YES_ERROR;
				GCC_WARN_UNDECLARED_SELECTOR = YES;
				GCC_WARN_UNINITIALIZED_AUTOS = YES_AGGRESSIVE;
				GCC_WARN_UNUSED_FUNCTION = YES;
				GCC_WARN_UNUSED_VARIABLE = YES;
				IPHONEOS_DEPLOYMENT_TARGET = 14.2;
				MTL_ENABLE_DEBUG_INFO = NO;
				MTL_FAST_MATH = YES;
				SDKROOT = iphoneos;
				SWIFT_COMPILATION_MODE = wholemodule;
				SWIFT_OPTIMIZATION_LEVEL = "-O";
				VALIDATE_PRODUCT = YES;
			};
			name = Release;
		};
		8822620826085F90001A6EBE /* Debug */ = {
			isa = XCBuildConfiguration;
			baseConfigurationReference = 0840331767E2EEC090EC76DF /* Pods-taboo.debug.xcconfig */;
			buildSettings = {
				ASSETCATALOG_COMPILER_APPICON_NAME = AppIcon;
				ASSETCATALOG_COMPILER_GLOBAL_ACCENT_COLOR_NAME = AccentColor;
				CODE_SIGN_IDENTITY = "Apple Development";
				CODE_SIGN_STYLE = Automatic;
				DEVELOPMENT_TEAM = X6S6ZVX6ZN;
				INFOPLIST_FILE = taboo/Info.plist;
				LD_RUNPATH_SEARCH_PATHS = (
					"$(inherited)",
					"@executable_path/Frameworks",
				);
				PRODUCT_BUNDLE_IDENTIFIER = com.AlisherSattarbek.taboo;
				PRODUCT_NAME = "$(TARGET_NAME)";
				PROVISIONING_PROFILE_SPECIFIER = "";
				SWIFT_VERSION = 5.0;
				TARGETED_DEVICE_FAMILY = "1,2";
			};
			name = Debug;
		};
		8822620926085F90001A6EBE /* Release */ = {
			isa = XCBuildConfiguration;
			baseConfigurationReference = 7A3B7C2499B56F0B6F282D22 /* Pods-taboo.release.xcconfig */;
			buildSettings = {
				ASSETCATALOG_COMPILER_APPICON_NAME = AppIcon;
				ASSETCATALOG_COMPILER_GLOBAL_ACCENT_COLOR_NAME = AccentColor;
				CODE_SIGN_IDENTITY = "Apple Development";
				CODE_SIGN_STYLE = Automatic;
				DEVELOPMENT_TEAM = X6S6ZVX6ZN;
				INFOPLIST_FILE = taboo/Info.plist;
				LD_RUNPATH_SEARCH_PATHS = (
					"$(inherited)",
					"@executable_path/Frameworks",
				);
				PRODUCT_BUNDLE_IDENTIFIER = com.AlisherSattarbek.taboo;
				PRODUCT_NAME = "$(TARGET_NAME)";
				PROVISIONING_PROFILE_SPECIFIER = "";
				SWIFT_VERSION = 5.0;
				TARGETED_DEVICE_FAMILY = "1,2";
			};
			name = Release;
		};
/* End XCBuildConfiguration section */

/* Begin XCConfigurationList section */
		882261EE26085F8C001A6EBE /* Build configuration list for PBXProject "taboo" */ = {
			isa = XCConfigurationList;
			buildConfigurations = (
				8822620526085F90001A6EBE /* Debug */,
				8822620626085F90001A6EBE /* Release */,
			);
			defaultConfigurationIsVisible = 0;
			defaultConfigurationName = Release;
		};
		8822620726085F90001A6EBE /* Build configuration list for PBXNativeTarget "taboo" */ = {
			isa = XCConfigurationList;
			buildConfigurations = (
				8822620826085F90001A6EBE /* Debug */,
				8822620926085F90001A6EBE /* Release */,
			);
			defaultConfigurationIsVisible = 0;
			defaultConfigurationName = Release;
		};
/* End XCConfigurationList section */
	};
	rootObject = 882261EB26085F8B001A6EBE /* Project object */;
}
